
Microsoft Visual Studio Solution File, Format Version 12.00
# Visual Studio 15
VisualStudioVersion = 15.0.26124.0
MinimumVisualStudioVersion = 15.0.26124.0
Project("{FAE04EC0-301F-11D3-BF4B-00C04F79EFBC}") = "Domain", "Domain\Domain.csproj", "{33F68BF6-A237-4201-B34D-29EDBBCA33C0}"
EndProject
Project("{FAE04EC0-301F-11D3-BF4B-00C04F79EFBC}") = "Application", "Application\Application.csproj", "{A00FEA0B-FE18-4CE7-8BE4-1536B495245B}"
EndProject
Project("{FAE04EC0-301F-11D3-BF4B-00C04F79EFBC}") = "Persistence", "Persistence\Persistence.csproj", "{5D7D80E5-91D9-407A-9950-A34CA99D41F6}"
EndProject
Project("{FAE04EC0-301F-11D3-BF4B-00C04F79EFBC}") = "API", "API\API.csproj", "{C7D94F7B-2B88-4DBB-B929-88752D927DB1}"
EndProject
Global
	GlobalSection(SolutionConfigurationPlatforms) = preSolution
		Debug|Any CPU = Debug|Any CPU
		Debug|x64 = Debug|x64
		Debug|x86 = Debug|x86
		Release|Any CPU = Release|Any CPU
		Release|x64 = Release|x64
		Release|x86 = Release|x86
	EndGlobalSection
	GlobalSection(SolutionProperties) = preSolution
		HideSolutionNode = FALSE
	EndGlobalSection
	GlobalSection(ProjectConfigurationPlatforms) = postSolution
		{33F68BF6-A237-4201-B34D-29EDBBCA33C0}.Debug|Any CPU.ActiveCfg = Debug|Any CPU
		{33F68BF6-A237-4201-B34D-29EDBBCA33C0}.Debug|Any CPU.Build.0 = Debug|Any CPU
		{33F68BF6-A237-4201-B34D-29EDBBCA33C0}.Debug|x64.ActiveCfg = Debug|Any CPU
		{33F68BF6-A237-4201-B34D-29EDBBCA33C0}.Debug|x64.Build.0 = Debug|Any CPU
		{33F68BF6-A237-4201-B34D-29EDBBCA33C0}.Debug|x86.ActiveCfg = Debug|Any CPU
		{33F68BF6-A237-4201-B34D-29EDBBCA33C0}.Debug|x86.Build.0 = Debug|Any CPU
		{33F68BF6-A237-4201-B34D-29EDBBCA33C0}.Release|Any CPU.ActiveCfg = Release|Any CPU
		{33F68BF6-A237-4201-B34D-29EDBBCA33C0}.Release|Any CPU.Build.0 = Release|Any CPU
		{33F68BF6-A237-4201-B34D-29EDBBCA33C0}.Release|x64.ActiveCfg = Release|Any CPU
		{33F68BF6-A237-4201-B34D-29EDBBCA33C0}.Release|x64.Build.0 = Release|Any CPU
		{33F68BF6-A237-4201-B34D-29EDBBCA33C0}.Release|x86.ActiveCfg = Release|Any CPU
		{33F68BF6-A237-4201-B34D-29EDBBCA33C0}.Release|x86.Build.0 = Release|Any CPU
		{A00FEA0B-FE18-4CE7-8BE4-1536B495245B}.Debug|Any CPU.ActiveCfg = Debug|Any CPU
		{A00FEA0B-FE18-4CE7-8BE4-1536B495245B}.Debug|Any CPU.Build.0 = Debug|Any CPU
		{A00FEA0B-FE18-4CE7-8BE4-1536B495245B}.Debug|x64.ActiveCfg = Debug|Any CPU
		{A00FEA0B-FE18-4CE7-8BE4-1536B495245B}.Debug|x64.Build.0 = Debug|Any CPU
		{A00FEA0B-FE18-4CE7-8BE4-1536B495245B}.Debug|x86.ActiveCfg = Debug|Any CPU
		{A00FEA0B-FE18-4CE7-8BE4-1536B495245B}.Debug|x86.Build.0 = Debug|Any CPU
		{A00FEA0B-FE18-4CE7-8BE4-1536B495245B}.Release|Any CPU.ActiveCfg = Release|Any CPU
		{A00FEA0B-FE18-4CE7-8BE4-1536B495245B}.Release|Any CPU.Build.0 = Release|Any CPU
		{A00FEA0B-FE18-4CE7-8BE4-1536B495245B}.Release|x64.ActiveCfg = Release|Any CPU
		{A00FEA0B-FE18-4CE7-8BE4-1536B495245B}.Release|x64.Build.0 = Release|Any CPU
		{A00FEA0B-FE18-4CE7-8BE4-1536B495245B}.Release|x86.ActiveCfg = Release|Any CPU
		{A00FEA0B-FE18-4CE7-8BE4-1536B495245B}.Release|x86.Build.0 = Release|Any CPU
		{5D7D80E5-91D9-407A-9950-A34CA99D41F6}.Debug|Any CPU.ActiveCfg = Debug|Any CPU
		{5D7D80E5-91D9-407A-9950-A34CA99D41F6}.Debug|Any CPU.Build.0 = Debug|Any CPU
		{5D7D80E5-91D9-407A-9950-A34CA99D41F6}.Debug|x64.ActiveCfg = Debug|Any CPU
		{5D7D80E5-91D9-407A-9950-A34CA99D41F6}.Debug|x64.Build.0 = Debug|Any CPU
		{5D7D80E5-91D9-407A-9950-A34CA99D41F6}.Debug|x86.ActiveCfg = Debug|Any CPU
		{5D7D80E5-91D9-407A-9950-A34CA99D41F6}.Debug|x86.Build.0 = Debug|Any CPU
		{5D7D80E5-91D9-407A-9950-A34CA99D41F6}.Release|Any CPU.ActiveCfg = Release|Any CPU
		{5D7D80E5-91D9-407A-9950-A34CA99D41F6}.Release|Any CPU.Build.0 = Release|Any CPU
		{5D7D80E5-91D9-407A-9950-A34CA99D41F6}.Release|x64.ActiveCfg = Release|Any CPU
		{5D7D80E5-91D9-407A-9950-A34CA99D41F6}.Release|x64.Build.0 = Release|Any CPU
		{5D7D80E5-91D9-407A-9950-A34CA99D41F6}.Release|x86.ActiveCfg = Release|Any CPU
		{5D7D80E5-91D9-407A-9950-A34CA99D41F6}.Release|x86.Build.0 = Release|Any CPU
		{C7D94F7B-2B88-4DBB-B929-88752D927DB1}.Debug|Any CPU.ActiveCfg = Debug|Any CPU
		{C7D94F7B-2B88-4DBB-B929-88752D927DB1}.Debug|Any CPU.Build.0 = Debug|Any CPU
		{C7D94F7B-2B88-4DBB-B929-88752D927DB1}.Debug|x64.ActiveCfg = Debug|Any CPU
		{C7D94F7B-2B88-4DBB-B929-88752D927DB1}.Debug|x64.Build.0 = Debug|Any CPU
		{C7D94F7B-2B88-4DBB-B929-88752D927DB1}.Debug|x86.ActiveCfg = Debug|Any CPU
		{C7D94F7B-2B88-4DBB-B929-88752D927DB1}.Debug|x86.Build.0 = Debug|Any CPU
		{C7D94F7B-2B88-4DBB-B929-88752D927DB1}.Release|Any CPU.ActiveCfg = Release|Any CPU
		{C7D94F7B-2B88-4DBB-B929-88752D927DB1}.Release|Any CPU.Build.0 = Release|Any CPU
		{C7D94F7B-2B88-4DBB-B929-88752D927DB1}.Release|x64.ActiveCfg = Release|Any CPU
		{C7D94F7B-2B88-4DBB-B929-88752D927DB1}.Release|x64.Build.0 = Release|Any CPU
		{C7D94F7B-2B88-4DBB-B929-88752D927DB1}.Release|x86.ActiveCfg = Release|Any CPU
		{C7D94F7B-2B88-4DBB-B929-88752D927DB1}.Release|x86.Build.0 = Release|Any CPU
	EndGlobalSection
EndGlobal
